// !$*UTF8*$!
{
	archiveVersion = 1;
	classes = {
	};
	objectVersion = 48;
	objects = {

/* Begin PBXBuildFile section */
		2D676602767C42024F3EB5E5 /* Pods_HeatChatUITests.framework in Frameworks */ = {isa = PBXBuildFile; fileRef = DAD8DA1C7DE2ACDDF40E1AA7 /* Pods_HeatChatUITests.framework */; };
		42BD6F3926C072C67B9F1A9B /* Pods_HeatChatTests.framework in Frameworks */ = {isa = PBXBuildFile; fileRef = ACD4809BB410A079765D8D5C /* Pods_HeatChatTests.framework */; };
		A92A24D71FA83C7C00400912 /* Chat.swift in Sources */ = {isa = PBXBuildFile; fileRef = A92A24D61FA83C7C00400912 /* Chat.swift */; };
		A962F3ED1FA802C40097935A /* AppDelegate.swift in Sources */ = {isa = PBXBuildFile; fileRef = A962F3EC1FA802C40097935A /* AppDelegate.swift */; };
		A962F3EF1FA802C40097935A /* HeatChatVC.swift in Sources */ = {isa = PBXBuildFile; fileRef = A962F3EE1FA802C40097935A /* HeatChatVC.swift */; };
		A962F3F21FA802C40097935A /* Main.storyboard in Resources */ = {isa = PBXBuildFile; fileRef = A962F3F01FA802C40097935A /* Main.storyboard */; };
		A962F3F51FA802C40097935A /* HeatChat.xcdatamodeld in Sources */ = {isa = PBXBuildFile; fileRef = A962F3F31FA802C40097935A /* HeatChat.xcdatamodeld */; };
		A962F3F71FA802C40097935A /* Assets.xcassets in Resources */ = {isa = PBXBuildFile; fileRef = A962F3F61FA802C40097935A /* Assets.xcassets */; };
		A962F3FA1FA802C40097935A /* LaunchScreen.storyboard in Resources */ = {isa = PBXBuildFile; fileRef = A962F3F81FA802C40097935A /* LaunchScreen.storyboard */; };
		A962F4051FA802C40097935A /* HeatChatTests.swift in Sources */ = {isa = PBXBuildFile; fileRef = A962F4041FA802C40097935A /* HeatChatTests.swift */; };
		A962F4101FA802C40097935A /* HeatChatUITests.swift in Sources */ = {isa = PBXBuildFile; fileRef = A962F40F1FA802C40097935A /* HeatChatUITests.swift */; };
		A962F4201FA806520097935A /* GoogleService-Info.plist in Resources */ = {isa = PBXBuildFile; fileRef = A962F41F1FA806410097935A /* GoogleService-Info.plist */; };
		A9B52C121FB1845A006A4B33 /* School.swift in Sources */ = {isa = PBXBuildFile; fileRef = A9B52C111FB1845A006A4B33 /* School.swift */; };
		F266FEDEC37EC976388E776F /* Pods_HeatChat.framework in Frameworks */ = {isa = PBXBuildFile; fileRef = 1A6567089AECF0424FB43F87 /* Pods_HeatChat.framework */; };
/* End PBXBuildFile section */

/* Begin PBXContainerItemProxy section */
		A962F4011FA802C40097935A /* PBXContainerItemProxy */ = {
			isa = PBXContainerItemProxy;
			containerPortal = A962F3E11FA802C40097935A /* Project object */;
			proxyType = 1;
			remoteGlobalIDString = A962F3E81FA802C40097935A;
			remoteInfo = HeatChat;
		};
		A962F40C1FA802C40097935A /* PBXContainerItemProxy */ = {
			isa = PBXContainerItemProxy;
			containerPortal = A962F3E11FA802C40097935A /* Project object */;
			proxyType = 1;
			remoteGlobalIDString = A962F3E81FA802C40097935A;
			remoteInfo = HeatChat;
		};
/* End PBXContainerItemProxy section */

/* Begin PBXFileReference section */
		0D6A3E3882F7B02BD4492137 /* Pods-HeatChat.debug.xcconfig */ = {isa = PBXFileReference; includeInIndex = 1; lastKnownFileType = text.xcconfig; name = "Pods-HeatChat.debug.xcconfig"; path = "Pods/Target Support Files/Pods-HeatChat/Pods-HeatChat.debug.xcconfig"; sourceTree = "<group>"; };
		1A6567089AECF0424FB43F87 /* Pods_HeatChat.framework */ = {isa = PBXFileReference; explicitFileType = wrapper.framework; includeInIndex = 0; path = Pods_HeatChat.framework; sourceTree = BUILT_PRODUCTS_DIR; };
		79EED0ADE3807AEACD7A3A26 /* Pods-HeatChatTests.release.xcconfig */ = {isa = PBXFileReference; includeInIndex = 1; lastKnownFileType = text.xcconfig; name = "Pods-HeatChatTests.release.xcconfig"; path = "Pods/Target Support Files/Pods-HeatChatTests/Pods-HeatChatTests.release.xcconfig"; sourceTree = "<group>"; };
		86962BA6F04C2F4062B83221 /* Pods-HeatChatUITests.debug.xcconfig */ = {isa = PBXFileReference; includeInIndex = 1; lastKnownFileType = text.xcconfig; name = "Pods-HeatChatUITests.debug.xcconfig"; path = "Pods/Target Support Files/Pods-HeatChatUITests/Pods-HeatChatUITests.debug.xcconfig"; sourceTree = "<group>"; };
		8D16D49F189B9B8C38343AA6 /* Pods-HeatChatUITests.release.xcconfig */ = {isa = PBXFileReference; includeInIndex = 1; lastKnownFileType = text.xcconfig; name = "Pods-HeatChatUITests.release.xcconfig"; path = "Pods/Target Support Files/Pods-HeatChatUITests/Pods-HeatChatUITests.release.xcconfig"; sourceTree = "<group>"; };
		A92A24D61FA83C7C00400912 /* Chat.swift */ = {isa = PBXFileReference; lastKnownFileType = sourcecode.swift; path = Chat.swift; sourceTree = "<group>"; };
		A962F3E91FA802C40097935A /* HeatChat.app */ = {isa = PBXFileReference; explicitFileType = wrapper.application; includeInIndex = 0; path = HeatChat.app; sourceTree = BUILT_PRODUCTS_DIR; };
		A962F3EC1FA802C40097935A /* AppDelegate.swift */ = {isa = PBXFileReference; lastKnownFileType = sourcecode.swift; path = AppDelegate.swift; sourceTree = "<group>"; };
		A962F3EE1FA802C40097935A /* HeatChatVC.swift */ = {isa = PBXFileReference; lastKnownFileType = sourcecode.swift; path = HeatChatVC.swift; sourceTree = "<group>"; usesTabs = 1; };
		A962F3F11FA802C40097935A /* Base */ = {isa = PBXFileReference; lastKnownFileType = file.storyboard; name = Base; path = Base.lproj/Main.storyboard; sourceTree = "<group>"; };
		A962F3F41FA802C40097935A /* HeatChat.xcdatamodel */ = {isa = PBXFileReference; lastKnownFileType = wrapper.xcdatamodel; path = HeatChat.xcdatamodel; sourceTree = "<group>"; };
		A962F3F61FA802C40097935A /* Assets.xcassets */ = {isa = PBXFileReference; lastKnownFileType = folder.assetcatalog; path = Assets.xcassets; sourceTree = "<group>"; };
		A962F3F91FA802C40097935A /* Base */ = {isa = PBXFileReference; lastKnownFileType = file.storyboard; name = Base; path = Base.lproj/LaunchScreen.storyboard; sourceTree = "<group>"; };
		A962F3FB1FA802C40097935A /* Info.plist */ = {isa = PBXFileReference; lastKnownFileType = text.plist.xml; path = Info.plist; sourceTree = "<group>"; };
		A962F4001FA802C40097935A /* HeatChatTests.xctest */ = {isa = PBXFileReference; explicitFileType = wrapper.cfbundle; includeInIndex = 0; path = HeatChatTests.xctest; sourceTree = BUILT_PRODUCTS_DIR; };
		A962F4041FA802C40097935A /* HeatChatTests.swift */ = {isa = PBXFileReference; lastKnownFileType = sourcecode.swift; path = HeatChatTests.swift; sourceTree = "<group>"; };
		A962F4061FA802C40097935A /* Info.plist */ = {isa = PBXFileReference; lastKnownFileType = text.plist.xml; path = Info.plist; sourceTree = "<group>"; };
		A962F40B1FA802C40097935A /* HeatChatUITests.xctest */ = {isa = PBXFileReference; explicitFileType = wrapper.cfbundle; includeInIndex = 0; path = HeatChatUITests.xctest; sourceTree = BUILT_PRODUCTS_DIR; };
		A962F40F1FA802C40097935A /* HeatChatUITests.swift */ = {isa = PBXFileReference; lastKnownFileType = sourcecode.swift; path = HeatChatUITests.swift; sourceTree = "<group>"; };
		A962F4111FA802C40097935A /* Info.plist */ = {isa = PBXFileReference; lastKnownFileType = text.plist.xml; path = Info.plist; sourceTree = "<group>"; };
		A962F41F1FA806410097935A /* GoogleService-Info.plist */ = {isa = PBXFileReference; lastKnownFileType = text.plist.xml; path = "GoogleService-Info.plist"; sourceTree = "<group>"; };
		A9B52C111FB1845A006A4B33 /* School.swift */ = {isa = PBXFileReference; lastKnownFileType = sourcecode.swift; path = School.swift; sourceTree = "<group>"; };
		A9BA5DC31FABFF0400D07310 /* HeatChat.entitlements */ = {isa = PBXFileReference; lastKnownFileType = text.plist.entitlements; path = HeatChat.entitlements; sourceTree = "<group>"; };
		ACD4809BB410A079765D8D5C /* Pods_HeatChatTests.framework */ = {isa = PBXFileReference; explicitFileType = wrapper.framework; includeInIndex = 0; path = Pods_HeatChatTests.framework; sourceTree = BUILT_PRODUCTS_DIR; };
		CE28DF66FD250F9D3F04E9B1 /* Pods-HeatChat.release.xcconfig */ = {isa = PBXFileReference; includeInIndex = 1; lastKnownFileType = text.xcconfig; name = "Pods-HeatChat.release.xcconfig"; path = "Pods/Target Support Files/Pods-HeatChat/Pods-HeatChat.release.xcconfig"; sourceTree = "<group>"; };
		D14FB28D3DA27115C3517BDB /* Pods-HeatChatTests.debug.xcconfig */ = {isa = PBXFileReference; includeInIndex = 1; lastKnownFileType = text.xcconfig; name = "Pods-HeatChatTests.debug.xcconfig"; path = "Pods/Target Support Files/Pods-HeatChatTests/Pods-HeatChatTests.debug.xcconfig"; sourceTree = "<group>"; };
		DAD8DA1C7DE2ACDDF40E1AA7 /* Pods_HeatChatUITests.framework */ = {isa = PBXFileReference; explicitFileType = wrapper.framework; includeInIndex = 0; path = Pods_HeatChatUITests.framework; sourceTree = BUILT_PRODUCTS_DIR; };
/* End PBXFileReference section */

/* Begin PBXFrameworksBuildPhase section */
		A962F3E61FA802C40097935A /* Frameworks */ = {
			isa = PBXFrameworksBuildPhase;
			buildActionMask = 2147483647;
			files = (
				F266FEDEC37EC976388E776F /* Pods_HeatChat.framework in Frameworks */,
			);
			runOnlyForDeploymentPostprocessing = 0;
		};
		A962F3FD1FA802C40097935A /* Frameworks */ = {
			isa = PBXFrameworksBuildPhase;
			buildActionMask = 2147483647;
			files = (
				42BD6F3926C072C67B9F1A9B /* Pods_HeatChatTests.framework in Frameworks */,
			);
			runOnlyForDeploymentPostprocessing = 0;
		};
		A962F4081FA802C40097935A /* Frameworks */ = {
			isa = PBXFrameworksBuildPhase;
			buildActionMask = 2147483647;
			files = (
				2D676602767C42024F3EB5E5 /* Pods_HeatChatUITests.framework in Frameworks */,
			);
			runOnlyForDeploymentPostprocessing = 0;
		};
/* End PBXFrameworksBuildPhase section */

/* Begin PBXGroup section */
		1999E19E9896C4AA55A24572 /* Frameworks */ = {
			isa = PBXGroup;
			children = (
				1A6567089AECF0424FB43F87 /* Pods_HeatChat.framework */,
				ACD4809BB410A079765D8D5C /* Pods_HeatChatTests.framework */,
				DAD8DA1C7DE2ACDDF40E1AA7 /* Pods_HeatChatUITests.framework */,
			);
			name = Frameworks;
			sourceTree = "<group>";
		};
		A92A24D51FA83C7000400912 /* Models */ = {
			isa = PBXGroup;
			children = (
				A92A24D61FA83C7C00400912 /* Chat.swift */,
				A9B52C111FB1845A006A4B33 /* School.swift */,
			);
			path = Models;
			sourceTree = "<group>";
		};
		A962F3E01FA802C40097935A = {
			isa = PBXGroup;
			children = (
				A962F3EB1FA802C40097935A /* HeatChat */,
				A962F4031FA802C40097935A /* HeatChatTests */,
				A962F40E1FA802C40097935A /* HeatChatUITests */,
				A962F3EA1FA802C40097935A /* Products */,
				F65A815175F45A79B9CA2ECB /* Pods */,
				1999E19E9896C4AA55A24572 /* Frameworks */,
			);
			sourceTree = "<group>";
		};
		A962F3EA1FA802C40097935A /* Products */ = {
			isa = PBXGroup;
			children = (
				A962F3E91FA802C40097935A /* HeatChat.app */,
				A962F4001FA802C40097935A /* HeatChatTests.xctest */,
				A962F40B1FA802C40097935A /* HeatChatUITests.xctest */,
			);
			name = Products;
			sourceTree = "<group>";
		};
		A962F3EB1FA802C40097935A /* HeatChat */ = {
			isa = PBXGroup;
			children = (
				A9BA5DC31FABFF0400D07310 /* HeatChat.entitlements */,
				A92A24D51FA83C7000400912 /* Models */,
				A962F3EC1FA802C40097935A /* AppDelegate.swift */,
				A962F3EE1FA802C40097935A /* HeatChatVC.swift */,
				A962F3F01FA802C40097935A /* Main.storyboard */,
				A962F3F61FA802C40097935A /* Assets.xcassets */,
				A962F3F81FA802C40097935A /* LaunchScreen.storyboard */,
				A962F3FB1FA802C40097935A /* Info.plist */,
				A962F3F31FA802C40097935A /* HeatChat.xcdatamodeld */,
				A962F41F1FA806410097935A /* GoogleService-Info.plist */,
			);
			path = HeatChat;
			sourceTree = "<group>";
		};
		A962F4031FA802C40097935A /* HeatChatTests */ = {
			isa = PBXGroup;
			children = (
				A962F4041FA802C40097935A /* HeatChatTests.swift */,
				A962F4061FA802C40097935A /* Info.plist */,
			);
			path = HeatChatTests;
			sourceTree = "<group>";
		};
		A962F40E1FA802C40097935A /* HeatChatUITests */ = {
			isa = PBXGroup;
			children = (
				A962F40F1FA802C40097935A /* HeatChatUITests.swift */,
				A962F4111FA802C40097935A /* Info.plist */,
			);
			path = HeatChatUITests;
			sourceTree = "<group>";
		};
		F65A815175F45A79B9CA2ECB /* Pods */ = {
			isa = PBXGroup;
			children = (
				0D6A3E3882F7B02BD4492137 /* Pods-HeatChat.debug.xcconfig */,
				CE28DF66FD250F9D3F04E9B1 /* Pods-HeatChat.release.xcconfig */,
				D14FB28D3DA27115C3517BDB /* Pods-HeatChatTests.debug.xcconfig */,
				79EED0ADE3807AEACD7A3A26 /* Pods-HeatChatTests.release.xcconfig */,
				86962BA6F04C2F4062B83221 /* Pods-HeatChatUITests.debug.xcconfig */,
				8D16D49F189B9B8C38343AA6 /* Pods-HeatChatUITests.release.xcconfig */,
			);
			name = Pods;
			sourceTree = "<group>";
		};
/* End PBXGroup section */

/* Begin PBXNativeTarget section */
		A962F3E81FA802C40097935A /* HeatChat */ = {
			isa = PBXNativeTarget;
			buildConfigurationList = A962F4141FA802C40097935A /* Build configuration list for PBXNativeTarget "HeatChat" */;
			buildPhases = (
				CAC0857AB280DE30FD61CA69 /* [CP] Check Pods Manifest.lock */,
				A962F3E51FA802C40097935A /* Sources */,
				A962F3E61FA802C40097935A /* Frameworks */,
				A962F3E71FA802C40097935A /* Resources */,
				C73ACB7FBE0C4457466C0390 /* [CP] Embed Pods Frameworks */,
				F1163E767544FC55840F0209 /* [CP] Copy Pods Resources */,
				A9F3FC461FAE74F2008A5C47 /* ShellScript */,
			);
			buildRules = (
			);
			dependencies = (
			);
			name = HeatChat;
			productName = HeatChat;
			productReference = A962F3E91FA802C40097935A /* HeatChat.app */;
			productType = "com.apple.product-type.application";
		};
		A962F3FF1FA802C40097935A /* HeatChatTests */ = {
			isa = PBXNativeTarget;
			buildConfigurationList = A962F4171FA802C40097935A /* Build configuration list for PBXNativeTarget "HeatChatTests" */;
			buildPhases = (
				8F51EED60ED39D75CE2943EB /* [CP] Check Pods Manifest.lock */,
				A962F3FC1FA802C40097935A /* Sources */,
				A962F3FD1FA802C40097935A /* Frameworks */,
				A962F3FE1FA802C40097935A /* Resources */,
				3DEF238BA692E95FE2EA68A4 /* [CP] Embed Pods Frameworks */,
				6F9A9518BD2CC4AA0CE003DD /* [CP] Copy Pods Resources */,
			);
			buildRules = (
			);
			dependencies = (
				A962F4021FA802C40097935A /* PBXTargetDependency */,
			);
			name = HeatChatTests;
			productName = HeatChatTests;
			productReference = A962F4001FA802C40097935A /* HeatChatTests.xctest */;
			productType = "com.apple.product-type.bundle.unit-test";
		};
		A962F40A1FA802C40097935A /* HeatChatUITests */ = {
			isa = PBXNativeTarget;
			buildConfigurationList = A962F41A1FA802C40097935A /* Build configuration list for PBXNativeTarget "HeatChatUITests" */;
			buildPhases = (
				84E57E177CCE5089A0A530E6 /* [CP] Check Pods Manifest.lock */,
				A962F4071FA802C40097935A /* Sources */,
				A962F4081FA802C40097935A /* Frameworks */,
				A962F4091FA802C40097935A /* Resources */,
				C48496DA7CA7B44BA46B102D /* [CP] Embed Pods Frameworks */,
				59BA91AAB9FB2983FA0070BA /* [CP] Copy Pods Resources */,
			);
			buildRules = (
			);
			dependencies = (
				A962F40D1FA802C40097935A /* PBXTargetDependency */,
			);
			name = HeatChatUITests;
			productName = HeatChatUITests;
			productReference = A962F40B1FA802C40097935A /* HeatChatUITests.xctest */;
			productType = "com.apple.product-type.bundle.ui-testing";
		};
/* End PBXNativeTarget section */

/* Begin PBXProject section */
		A962F3E11FA802C40097935A /* Project object */ = {
			isa = PBXProject;
			attributes = {
				LastSwiftUpdateCheck = 0900;
				LastUpgradeCheck = 0900;
				ORGANIZATIONNAME = BAM;
				TargetAttributes = {
					A962F3E81FA802C40097935A = {
						CreatedOnToolsVersion = 9.0.1;
						ProvisioningStyle = Automatic;
						SystemCapabilities = {
							com.apple.Push = {
								enabled = 1;
							};
						};
					};
					A962F3FF1FA802C40097935A = {
						CreatedOnToolsVersion = 9.0.1;
						ProvisioningStyle = Automatic;
						TestTargetID = A962F3E81FA802C40097935A;
					};
					A962F40A1FA802C40097935A = {
						CreatedOnToolsVersion = 9.0.1;
						ProvisioningStyle = Automatic;
						TestTargetID = A962F3E81FA802C40097935A;
					};
				};
			};
			buildConfigurationList = A962F3E41FA802C40097935A /* Build configuration list for PBXProject "HeatChat" */;
			compatibilityVersion = "Xcode 8.0";
			developmentRegion = en;
			hasScannedForEncodings = 0;
			knownRegions = (
				en,
				Base,
			);
			mainGroup = A962F3E01FA802C40097935A;
			productRefGroup = A962F3EA1FA802C40097935A /* Products */;
			projectDirPath = "";
			projectRoot = "";
			targets = (
				A962F3E81FA802C40097935A /* HeatChat */,
				A962F3FF1FA802C40097935A /* HeatChatTests */,
				A962F40A1FA802C40097935A /* HeatChatUITests */,
			);
		};
/* End PBXProject section */

/* Begin PBXResourcesBuildPhase section */
		A962F3E71FA802C40097935A /* Resources */ = {
			isa = PBXResourcesBuildPhase;
			buildActionMask = 2147483647;
			files = (
				A962F3FA1FA802C40097935A /* LaunchScreen.storyboard in Resources */,
				A962F4201FA806520097935A /* GoogleService-Info.plist in Resources */,
				A962F3F71FA802C40097935A /* Assets.xcassets in Resources */,
				A962F3F21FA802C40097935A /* Main.storyboard in Resources */,
			);
			runOnlyForDeploymentPostprocessing = 0;
		};
		A962F3FE1FA802C40097935A /* Resources */ = {
			isa = PBXResourcesBuildPhase;
			buildActionMask = 2147483647;
			files = (
			);
			runOnlyForDeploymentPostprocessing = 0;
		};
		A962F4091FA802C40097935A /* Resources */ = {
			isa = PBXResourcesBuildPhase;
			buildActionMask = 2147483647;
			files = (
			);
			runOnlyForDeploymentPostprocessing = 0;
		};
/* End PBXResourcesBuildPhase section */

/* Begin PBXShellScriptBuildPhase section */
		3DEF238BA692E95FE2EA68A4 /* [CP] Embed Pods Frameworks */ = {
			isa = PBXShellScriptBuildPhase;
			buildActionMask = 2147483647;
			files = (
			);
			inputPaths = (
			);
			name = "[CP] Embed Pods Frameworks";
			outputPaths = (
			);
			runOnlyForDeploymentPostprocessing = 0;
			shellPath = /bin/sh;
			shellScript = "\"${SRCROOT}/Pods/Target Support Files/Pods-HeatChatTests/Pods-HeatChatTests-frameworks.sh\"\n";
			showEnvVarsInLog = 0;
		};
		59BA91AAB9FB2983FA0070BA /* [CP] Copy Pods Resources */ = {
			isa = PBXShellScriptBuildPhase;
			buildActionMask = 2147483647;
			files = (
			);
			inputPaths = (
			);
			name = "[CP] Copy Pods Resources";
			outputPaths = (
			);
			runOnlyForDeploymentPostprocessing = 0;
			shellPath = /bin/sh;
			shellScript = "\"${SRCROOT}/Pods/Target Support Files/Pods-HeatChatUITests/Pods-HeatChatUITests-resources.sh\"\n";
			showEnvVarsInLog = 0;
		};
		6F9A9518BD2CC4AA0CE003DD /* [CP] Copy Pods Resources */ = {
			isa = PBXShellScriptBuildPhase;
			buildActionMask = 2147483647;
			files = (
			);
			inputPaths = (
			);
			name = "[CP] Copy Pods Resources";
			outputPaths = (
			);
			runOnlyForDeploymentPostprocessing = 0;
			shellPath = /bin/sh;
			shellScript = "\"${SRCROOT}/Pods/Target Support Files/Pods-HeatChatTests/Pods-HeatChatTests-resources.sh\"\n";
			showEnvVarsInLog = 0;
		};
		84E57E177CCE5089A0A530E6 /* [CP] Check Pods Manifest.lock */ = {
			isa = PBXShellScriptBuildPhase;
			buildActionMask = 2147483647;
			files = (
			);
			inputPaths = (
				"${PODS_PODFILE_DIR_PATH}/Podfile.lock",
				"${PODS_ROOT}/Manifest.lock",
			);
			name = "[CP] Check Pods Manifest.lock";
			outputPaths = (
				"$(DERIVED_FILE_DIR)/Pods-HeatChatUITests-checkManifestLockResult.txt",
			);
			runOnlyForDeploymentPostprocessing = 0;
			shellPath = /bin/sh;
			shellScript = "diff \"${PODS_PODFILE_DIR_PATH}/Podfile.lock\" \"${PODS_ROOT}/Manifest.lock\" > /dev/null\nif [ $? != 0 ] ; then\n    # print error to STDERR\n    echo \"error: The sandbox is not in sync with the Podfile.lock. Run 'pod install' or update your CocoaPods installation.\" >&2\n    exit 1\nfi\n# This output is used by Xcode 'outputs' to avoid re-running this script phase.\necho \"SUCCESS\" > \"${SCRIPT_OUTPUT_FILE_0}\"\n";
			showEnvVarsInLog = 0;
		};
		8F51EED60ED39D75CE2943EB /* [CP] Check Pods Manifest.lock */ = {
			isa = PBXShellScriptBuildPhase;
			buildActionMask = 2147483647;
			files = (
			);
			inputPaths = (
				"${PODS_PODFILE_DIR_PATH}/Podfile.lock",
				"${PODS_ROOT}/Manifest.lock",
			);
			name = "[CP] Check Pods Manifest.lock";
			outputPaths = (
				"$(DERIVED_FILE_DIR)/Pods-HeatChatTests-checkManifestLockResult.txt",
			);
			runOnlyForDeploymentPostprocessing = 0;
			shellPath = /bin/sh;
			shellScript = "diff \"${PODS_PODFILE_DIR_PATH}/Podfile.lock\" \"${PODS_ROOT}/Manifest.lock\" > /dev/null\nif [ $? != 0 ] ; then\n    # print error to STDERR\n    echo \"error: The sandbox is not in sync with the Podfile.lock. Run 'pod install' or update your CocoaPods installation.\" >&2\n    exit 1\nfi\n# This output is used by Xcode 'outputs' to avoid re-running this script phase.\necho \"SUCCESS\" > \"${SCRIPT_OUTPUT_FILE_0}\"\n";
			showEnvVarsInLog = 0;
		};
		A9F3FC461FAE74F2008A5C47 /* ShellScript */ = {
			isa = PBXShellScriptBuildPhase;
			buildActionMask = 2147483647;
			files = (
			);
			inputPaths = (
			);
			outputPaths = (
			);
			runOnlyForDeploymentPostprocessing = 0;
			shellPath = /bin/sh;
			shellScript = "\"${PODS_ROOT}/Fabric/run\"\n";
		};
		C48496DA7CA7B44BA46B102D /* [CP] Embed Pods Frameworks */ = {
			isa = PBXShellScriptBuildPhase;
			buildActionMask = 2147483647;
			files = (
			);
			inputPaths = (
			);
			name = "[CP] Embed Pods Frameworks";
			outputPaths = (
			);
			runOnlyForDeploymentPostprocessing = 0;
			shellPath = /bin/sh;
			shellScript = "\"${SRCROOT}/Pods/Target Support Files/Pods-HeatChatUITests/Pods-HeatChatUITests-frameworks.sh\"\n";
			showEnvVarsInLog = 0;
		};
		C73ACB7FBE0C4457466C0390 /* [CP] Embed Pods Frameworks */ = {
			isa = PBXShellScriptBuildPhase;
			buildActionMask = 2147483647;
			files = (
			);
			inputPaths = (
				"${SRCROOT}/Pods/Target Support Files/Pods-HeatChat/Pods-HeatChat-frameworks.sh",
				"${BUILT_PRODUCTS_DIR}/GTMSessionFetcher/GTMSessionFetcher.framework",
				"${BUILT_PRODUCTS_DIR}/GoogleToolboxForMac/GoogleToolboxForMac.framework",
				"${BUILT_PRODUCTS_DIR}/leveldb-library/leveldb.framework",
				"${BUILT_PRODUCTS_DIR}/nanopb/nanopb.framework",
			);
			name = "[CP] Embed Pods Frameworks";
			outputPaths = (
				"${TARGET_BUILD_DIR}/${FRAMEWORKS_FOLDER_PATH}/GTMSessionFetcher.framework",
				"${TARGET_BUILD_DIR}/${FRAMEWORKS_FOLDER_PATH}/GoogleToolboxForMac.framework",
				"${TARGET_BUILD_DIR}/${FRAMEWORKS_FOLDER_PATH}/leveldb.framework",
				"${TARGET_BUILD_DIR}/${FRAMEWORKS_FOLDER_PATH}/nanopb.framework",
			);
			runOnlyForDeploymentPostprocessing = 0;
			shellPath = /bin/sh;
			shellScript = "\"${SRCROOT}/Pods/Target Support Files/Pods-HeatChat/Pods-HeatChat-frameworks.sh\"\n";
			showEnvVarsInLog = 0;
		};
		CAC0857AB280DE30FD61CA69 /* [CP] Check Pods Manifest.lock */ = {
			isa = PBXShellScriptBuildPhase;
			buildActionMask = 2147483647;
			files = (
			);
			inputPaths = (
				"${PODS_PODFILE_DIR_PATH}/Podfile.lock",
				"${PODS_ROOT}/Manifest.lock",
			);
			name = "[CP] Check Pods Manifest.lock";
			outputPaths = (
				"$(DERIVED_FILE_DIR)/Pods-HeatChat-checkManifestLockResult.txt",
			);
			runOnlyForDeploymentPostprocessing = 0;
			shellPath = /bin/sh;
			shellScript = "diff \"${PODS_PODFILE_DIR_PATH}/Podfile.lock\" \"${PODS_ROOT}/Manifest.lock\" > /dev/null\nif [ $? != 0 ] ; then\n    # print error to STDERR\n    echo \"error: The sandbox is not in sync with the Podfile.lock. Run 'pod install' or update your CocoaPods installation.\" >&2\n    exit 1\nfi\n# This output is used by Xcode 'outputs' to avoid re-running this script phase.\necho \"SUCCESS\" > \"${SCRIPT_OUTPUT_FILE_0}\"\n";
			showEnvVarsInLog = 0;
		};
		F1163E767544FC55840F0209 /* [CP] Copy Pods Resources */ = {
			isa = PBXShellScriptBuildPhase;
			buildActionMask = 2147483647;
			files = (
			);
			inputPaths = (
			);
			name = "[CP] Copy Pods Resources";
			outputPaths = (
			);
			runOnlyForDeploymentPostprocessing = 0;
			shellPath = /bin/sh;
			shellScript = "\"${SRCROOT}/Pods/Target Support Files/Pods-HeatChat/Pods-HeatChat-resources.sh\"\n";
			showEnvVarsInLog = 0;
		};
/* End PBXShellScriptBuildPhase section */

/* Begin PBXSourcesBuildPhase section */
		A962F3E51FA802C40097935A /* Sources */ = {
			isa = PBXSourcesBuildPhase;
			buildActionMask = 2147483647;
			files = (
				A9B52C121FB1845A006A4B33 /* School.swift in Sources */,
				A962F3EF1FA802C40097935A /* HeatChatVC.swift in Sources */,
				A92A24D71FA83C7C00400912 /* Chat.swift in Sources */,
				A962F3ED1FA802C40097935A /* AppDelegate.swift in Sources */,
				A962F3F51FA802C40097935A /* HeatChat.xcdatamodeld in Sources */,
			);
			runOnlyForDeploymentPostprocessing = 0;
		};
		A962F3FC1FA802C40097935A /* Sources */ = {
			isa = PBXSourcesBuildPhase;
			buildActionMask = 2147483647;
			files = (
				A962F4051FA802C40097935A /* HeatChatTests.swift in Sources */,
			);
			runOnlyForDeploymentPostprocessing = 0;
		};
		A962F4071FA802C40097935A /* Sources */ = {
			isa = PBXSourcesBuildPhase;
			buildActionMask = 2147483647;
			files = (
				A962F4101FA802C40097935A /* HeatChatUITests.swift in Sources */,
			);
			runOnlyForDeploymentPostprocessing = 0;
		};
/* End PBXSourcesBuildPhase section */

/* Begin PBXTargetDependency section */
		A962F4021FA802C40097935A /* PBXTargetDependency */ = {
			isa = PBXTargetDependency;
			target = A962F3E81FA802C40097935A /* HeatChat */;
			targetProxy = A962F4011FA802C40097935A /* PBXContainerItemProxy */;
		};
		A962F40D1FA802C40097935A /* PBXTargetDependency */ = {
			isa = PBXTargetDependency;
			target = A962F3E81FA802C40097935A /* HeatChat */;
			targetProxy = A962F40C1FA802C40097935A /* PBXContainerItemProxy */;
		};
/* End PBXTargetDependency section */

/* Begin PBXVariantGroup section */
		A962F3F01FA802C40097935A /* Main.storyboard */ = {
			isa = PBXVariantGroup;
			children = (
				A962F3F11FA802C40097935A /* Base */,
			);
			name = Main.storyboard;
			sourceTree = "<group>";
		};
		A962F3F81FA802C40097935A /* LaunchScreen.storyboard */ = {
			isa = PBXVariantGroup;
			children = (
				A962F3F91FA802C40097935A /* Base */,
			);
			name = LaunchScreen.storyboard;
			sourceTree = "<group>";
		};
/* End PBXVariantGroup section */

/* Begin XCBuildConfiguration section */
		A962F4121FA802C40097935A /* Debug */ = {
			isa = XCBuildConfiguration;
			buildSettings = {
				ALWAYS_SEARCH_USER_PATHS = NO;
				CLANG_ANALYZER_NONNULL = YES;
				CLANG_ANALYZER_NUMBER_OBJECT_CONVERSION = YES_AGGRESSIVE;
				CLANG_CXX_LANGUAGE_STANDARD = "gnu++14";
				CLANG_CXX_LIBRARY = "libc++";
				CLANG_ENABLE_MODULES = YES;
				CLANG_ENABLE_OBJC_ARC = YES;
				CLANG_WARN_BLOCK_CAPTURE_AUTORELEASING = YES;
				CLANG_WARN_BOOL_CONVERSION = YES;
				CLANG_WARN_COMMA = YES;
				CLANG_WARN_CONSTANT_CONVERSION = YES;
				CLANG_WARN_DIRECT_OBJC_ISA_USAGE = YES_ERROR;
				CLANG_WARN_DOCUMENTATION_COMMENTS = YES;
				CLANG_WARN_EMPTY_BODY = YES;
				CLANG_WARN_ENUM_CONVERSION = YES;
				CLANG_WARN_INFINITE_RECURSION = YES;
				CLANG_WARN_INT_CONVERSION = YES;
				CLANG_WARN_NON_LITERAL_NULL_CONVERSION = YES;
				CLANG_WARN_OBJC_LITERAL_CONVERSION = YES;
				CLANG_WARN_OBJC_ROOT_CLASS = YES_ERROR;
				CLANG_WARN_RANGE_LOOP_ANALYSIS = YES;
				CLANG_WARN_STRICT_PROTOTYPES = YES;
				CLANG_WARN_SUSPICIOUS_MOVE = YES;
				CLANG_WARN_UNGUARDED_AVAILABILITY = YES_AGGRESSIVE;
				CLANG_WARN_UNREACHABLE_CODE = YES;
				CLANG_WARN__DUPLICATE_METHOD_MATCH = YES;
				CODE_SIGN_IDENTITY = "iPhone Developer";
				COPY_PHASE_STRIP = NO;
				DEBUG_INFORMATION_FORMAT = dwarf;
				ENABLE_STRICT_OBJC_MSGSEND = YES;
				ENABLE_TESTABILITY = YES;
				GCC_C_LANGUAGE_STANDARD = gnu11;
				GCC_DYNAMIC_NO_PIC = NO;
				GCC_NO_COMMON_BLOCKS = YES;
				GCC_OPTIMIZATION_LEVEL = 0;
				GCC_PREPROCESSOR_DEFINITIONS = (
					"DEBUG=1",
					"$(inherited)",
				);
				GCC_WARN_64_TO_32_BIT_CONVERSION = YES;
				GCC_WARN_ABOUT_RETURN_TYPE = YES_ERROR;
				GCC_WARN_UNDECLARED_SELECTOR = YES;
				GCC_WARN_UNINITIALIZED_AUTOS = YES_AGGRESSIVE;
				GCC_WARN_UNUSED_FUNCTION = YES;
				GCC_WARN_UNUSED_VARIABLE = YES;
				IPHONEOS_DEPLOYMENT_TARGET = 11.0;
				MTL_ENABLE_DEBUG_INFO = YES;
				ONLY_ACTIVE_ARCH = YES;
				SDKROOT = iphoneos;
				SWIFT_ACTIVE_COMPILATION_CONDITIONS = DEBUG;
				SWIFT_OPTIMIZATION_LEVEL = "-Onone";
			};
			name = Debug;
		};
		A962F4131FA802C40097935A /* Release */ = {
			isa = XCBuildConfiguration;
			buildSettings = {
				ALWAYS_SEARCH_USER_PATHS = NO;
				CLANG_ANALYZER_NONNULL = YES;
				CLANG_ANALYZER_NUMBER_OBJECT_CONVERSION = YES_AGGRESSIVE;
				CLANG_CXX_LANGUAGE_STANDARD = "gnu++14";
				CLANG_CXX_LIBRARY = "libc++";
				CLANG_ENABLE_MODULES = YES;
				CLANG_ENABLE_OBJC_ARC = YES;
				CLANG_WARN_BLOCK_CAPTURE_AUTORELEASING = YES;
				CLANG_WARN_BOOL_CONVERSION = YES;
				CLANG_WARN_COMMA = YES;
				CLANG_WARN_CONSTANT_CONVERSION = YES;
				CLANG_WARN_DIRECT_OBJC_ISA_USAGE = YES_ERROR;
				CLANG_WARN_DOCUMENTATION_COMMENTS = YES;
				CLANG_WARN_EMPTY_BODY = YES;
				CLANG_WARN_ENUM_CONVERSION = YES;
				CLANG_WARN_INFINITE_RECURSION = YES;
				CLANG_WARN_INT_CONVERSION = YES;
				CLANG_WARN_NON_LITERAL_NULL_CONVERSION = YES;
				CLANG_WARN_OBJC_LITERAL_CONVERSION = YES;
				CLANG_WARN_OBJC_ROOT_CLASS = YES_ERROR;
				CLANG_WARN_RANGE_LOOP_ANALYSIS = YES;
				CLANG_WARN_STRICT_PROTOTYPES = YES;
				CLANG_WARN_SUSPICIOUS_MOVE = YES;
				CLANG_WARN_UNGUARDED_AVAILABILITY = YES_AGGRESSIVE;
				CLANG_WARN_UNREACHABLE_CODE = YES;
				CLANG_WARN__DUPLICATE_METHOD_MATCH = YES;
				CODE_SIGN_IDENTITY = "iPhone Developer";
				COPY_PHASE_STRIP = NO;
				DEBUG_INFORMATION_FORMAT = "dwarf-with-dsym";
				ENABLE_NS_ASSERTIONS = NO;
				ENABLE_STRICT_OBJC_MSGSEND = YES;
				GCC_C_LANGUAGE_STANDARD = gnu11;
				GCC_NO_COMMON_BLOCKS = YES;
				GCC_WARN_64_TO_32_BIT_CONVERSION = YES;
				GCC_WARN_ABOUT_RETURN_TYPE = YES_ERROR;
				GCC_WARN_UNDECLARED_SELECTOR = YES;
				GCC_WARN_UNINITIALIZED_AUTOS = YES_AGGRESSIVE;
				GCC_WARN_UNUSED_FUNCTION = YES;
				GCC_WARN_UNUSED_VARIABLE = YES;
				IPHONEOS_DEPLOYMENT_TARGET = 11.0;
				MTL_ENABLE_DEBUG_INFO = NO;
				SDKROOT = iphoneos;
				SWIFT_OPTIMIZATION_LEVEL = "-Owholemodule";
				VALIDATE_PRODUCT = YES;
			};
			name = Release;
		};
		A962F4151FA802C40097935A /* Debug */ = {
			isa = XCBuildConfiguration;
			baseConfigurationReference = 0D6A3E3882F7B02BD4492137 /* Pods-HeatChat.debug.xcconfig */;
			buildSettings = {
				ASSETCATALOG_COMPILER_APPICON_NAME = AppIcon;
				CODE_SIGN_ENTITLEMENTS = HeatChat/HeatChat.entitlements;
				CODE_SIGN_STYLE = Automatic;
				DEBUG_INFORMATION_FORMAT = "dwarf-with-dsym";
				DEVELOPMENT_TEAM = 42279ALPRK;
				INFOPLIST_FILE = HeatChat/Info.plist;
				IPHONEOS_DEPLOYMENT_TARGET = 10.0;
				LD_RUNPATH_SEARCH_PATHS = "$(inherited) @executable_path/Frameworks";
				PRODUCT_BUNDLE_IDENTIFIER = com.bam.HeatChat;
				PRODUCT_NAME = "$(TARGET_NAME)";
				SWIFT_VERSION = 4.0;
				TARGETED_DEVICE_FAMILY = 1;
			};
			name = Debug;
		};
		A962F4161FA802C40097935A /* Release */ = {
			isa = XCBuildConfiguration;
			baseConfigurationReference = CE28DF66FD250F9D3F04E9B1 /* Pods-HeatChat.release.xcconfig */;
			buildSettings = {
				ASSETCATALOG_COMPILER_APPICON_NAME = AppIcon;
				CODE_SIGN_ENTITLEMENTS = HeatChat/HeatChat.entitlements;
				CODE_SIGN_STYLE = Automatic;
				DEVELOPMENT_TEAM = 42279ALPRK;
				INFOPLIST_FILE = HeatChat/Info.plist;
				IPHONEOS_DEPLOYMENT_TARGET = 10.0;
				LD_RUNPATH_SEARCH_PATHS = "$(inherited) @executable_path/Frameworks";
				PRODUCT_BUNDLE_IDENTIFIER = com.bam.HeatChat;
				PRODUCT_NAME = "$(TARGET_NAME)";
				SWIFT_VERSION = 4.0;
				TARGETED_DEVICE_FAMILY = 1;
			};
			name = Release;
		};
		A962F4181FA802C40097935A /* Debug */ = {
			isa = XCBuildConfiguration;
			baseConfigurationReference = D14FB28D3DA27115C3517BDB /* Pods-HeatChatTests.debug.xcconfig */;
			buildSettings = {
				ALWAYS_EMBED_SWIFT_STANDARD_LIBRARIES = YES;
				BUNDLE_LOADER = "$(TEST_HOST)";
				CODE_SIGN_STYLE = Automatic;
				DEVELOPMENT_TEAM = 42279ALPRK;
				INFOPLIST_FILE = HeatChatTests/Info.plist;
				LD_RUNPATH_SEARCH_PATHS = "$(inherited) @executable_path/Frameworks @loader_path/Frameworks";
				PRODUCT_BUNDLE_IDENTIFIER = com.bam.HeatChatTests;
				PRODUCT_NAME = "$(TARGET_NAME)";
				SWIFT_VERSION = 4.0;
				TARGETED_DEVICE_FAMILY = "1,2";
				TEST_HOST = "$(BUILT_PRODUCTS_DIR)/HeatChat.app/HeatChat";
			};
			name = Debug;
		};
		A962F4191FA802C40097935A /* Release */ = {
			isa = XCBuildConfiguration;
			baseConfigurationReference = 79EED0ADE3807AEACD7A3A26 /* Pods-HeatChatTests.release.xcconfig */;
			buildSettings = {
				ALWAYS_EMBED_SWIFT_STANDARD_LIBRARIES = YES;
				BUNDLE_LOADER = "$(TEST_HOST)";
				CODE_SIGN_STYLE = Automatic;
				DEVELOPMENT_TEAM = 42279ALPRK;
				INFOPLIST_FILE = HeatChatTests/Info.plist;
				LD_RUNPATH_SEARCH_PATHS = "$(inherited) @executable_path/Frameworks @loader_path/Frameworks";
				PRODUCT_BUNDLE_IDENTIFIER = com.bam.HeatChatTests;
				PRODUCT_NAME = "$(TARGET_NAME)";
				SWIFT_VERSION = 4.0;
				TARGETED_DEVICE_FAMILY = "1,2";
				TEST_HOST = "$(BUILT_PRODUCTS_DIR)/HeatChat.app/HeatChat";
			};
			name = Release;
		};
		A962F41B1FA802C40097935A /* Debug */ = {
			isa = XCBuildConfiguration;
			baseConfigurationReference = 86962BA6F04C2F4062B83221 /* Pods-HeatChatUITests.debug.xcconfig */;
			buildSettings = {
				ALWAYS_EMBED_SWIFT_STANDARD_LIBRARIES = YES;
				CODE_SIGN_STYLE = Automatic;
				DEVELOPMENT_TEAM = 42279ALPRK;
				INFOPLIST_FILE = HeatChatUITests/Info.plist;
				LD_RUNPATH_SEARCH_PATHS = "$(inherited) @executable_path/Frameworks @loader_path/Frameworks";
				PRODUCT_BUNDLE_IDENTIFIER = com.bam.HeatChatUITests;
				PRODUCT_NAME = "$(TARGET_NAME)";
				SWIFT_VERSION = 4.0;
				TARGETED_DEVICE_FAMILY = "1,2";
				TEST_TARGET_NAME = HeatChat;
			};
			name = Debug;
		};
		A962F41C1FA802C40097935A /* Release */ = {
			isa = XCBuildConfiguration;
			baseConfigurationReference = 8D16D49F189B9B8C38343AA6 /* Pods-HeatChatUITests.release.xcconfig */;
			buildSettings = {
				ALWAYS_EMBED_SWIFT_STANDARD_LIBRARIES = YES;
				CODE_SIGN_STYLE = Automatic;
				DEVELOPMENT_TEAM = 42279ALPRK;
				INFOPLIST_FILE = HeatChatUITests/Info.plist;
				LD_RUNPATH_SEARCH_PATHS = "$(inherited) @executable_path/Frameworks @loader_path/Frameworks";
				PRODUCT_BUNDLE_IDENTIFIER = com.bam.HeatChatUITests;
				PRODUCT_NAME = "$(TARGET_NAME)";
				SWIFT_VERSION = 4.0;
				TARGETED_DEVICE_FAMILY = "1,2";
				TEST_TARGET_NAME = HeatChat;
			};
			name = Release;
		};
/* End XCBuildConfiguration section */

/* Begin XCConfigurationList section */
		A962F3E41FA802C40097935A /* Build configuration list for PBXProject "HeatChat" */ = {
			isa = XCConfigurationList;
			buildConfigurations = (
				A962F4121FA802C40097935A /* Debug */,
				A962F4131FA802C40097935A /* Release */,
			);
			defaultConfigurationIsVisible = 0;
			defaultConfigurationName = Release;
		};
		A962F4141FA802C40097935A /* Build configuration list for PBXNativeTarget "HeatChat" */ = {
			isa = XCConfigurationList;
			buildConfigurations = (
				A962F4151FA802C40097935A /* Debug */,
				A962F4161FA802C40097935A /* Release */,
			);
			defaultConfigurationIsVisible = 0;
			defaultConfigurationName = Release;
		};
		A962F4171FA802C40097935A /* Build configuration list for PBXNativeTarget "HeatChatTests" */ = {
			isa = XCConfigurationList;
			buildConfigurations = (
				A962F4181FA802C40097935A /* Debug */,
				A962F4191FA802C40097935A /* Release */,
			);
			defaultConfigurationIsVisible = 0;
			defaultConfigurationName = Release;
		};
		A962F41A1FA802C40097935A /* Build configuration list for PBXNativeTarget "HeatChatUITests" */ = {
			isa = XCConfigurationList;
			buildConfigurations = (
				A962F41B1FA802C40097935A /* Debug */,
				A962F41C1FA802C40097935A /* Release */,
			);
			defaultConfigurationIsVisible = 0;
			defaultConfigurationName = Release;
		};
/* End XCConfigurationList section */

/* Begin XCVersionGroup section */
		A962F3F31FA802C40097935A /* HeatChat.xcdatamodeld */ = {
			isa = XCVersionGroup;
			children = (
				A962F3F41FA802C40097935A /* HeatChat.xcdatamodel */,
			);
			currentVersion = A962F3F41FA802C40097935A /* HeatChat.xcdatamodel */;
			path = HeatChat.xcdatamodeld;
			sourceTree = "<group>";
			versionGroupType = wrapper.xcdatamodel;
		};
/* End XCVersionGroup section */
	};
	rootObject = A962F3E11FA802C40097935A /* Project object */;
}
